
Microsoft Visual Studio Solution File, Format Version 12.00
# Visual Studio Version 16
VisualStudioVersion = 16.0.32428.217
MinimumVisualStudioVersion = 10.0.40219.1
Project("{FAE04EC0-301F-11D3-BF4B-00C04F79EFBC}") = "RND 10", "RND 10.csproj", "{3DD20F1D-0EC3-4FA7-AAB0-12110370AA98}"
EndProject
Global
	GlobalSection(SolutionConfigurationPlatforms) = preSolution
		Debug|Any CPU = Debug|Any CPU
		Release|Any CPU = Release|Any CPU
	EndGlobalSection
	GlobalSection(ProjectConfigurationPlatforms) = postSolution
		{3DD20F1D-0EC3-4FA7-AAB0-12110370AA98}.Debug|Any CPU.ActiveCfg = Debug|Any CPU
		{3DD20F1D-0EC3-4FA7-AAB0-12110370AA98}.Debug|Any CPU.Build.0 = Debug|Any CPU
		{3DD20F1D-0EC3-4FA7-AAB0-12110370AA98}.Release|Any CPU.ActiveCfg = Release|Any CPU
		{3DD20F1D-0EC3-4FA7-AAB0-12110370AA98}.Release|Any CPU.Build.0 = Release|Any CPU
	EndGlobalSection
	GlobalSection(SolutionProperties) = preSolution
		HideSolutionNode = FALSE
	EndGlobalSection
	GlobalSection(ExtensibilityGlobals) = postSolution
		SolutionGuid = {6BF57A04-C3BD-49BC-A8FC-CA2BFED25879}
	EndGlobalSection
EndGlobal
